// !$*UTF8*$!
{
	archiveVersion = 1;
	classes = {
	};
	objectVersion = 46;
	objects = {

/* Begin PBXBuildFile section */
		293367EE1C3EFE3400976960 /* AppDelegate.swift in Sources */ = {isa = PBXBuildFile; fileRef = 293367ED1C3EFE3400976960 /* AppDelegate.swift */; };
		293367F01C3EFE3400976960 /* ViewController.swift in Sources */ = {isa = PBXBuildFile; fileRef = 293367EF1C3EFE3400976960 /* ViewController.swift */; };
		293367F31C3EFE3400976960 /* Main.storyboard in Resources */ = {isa = PBXBuildFile; fileRef = 293367F11C3EFE3400976960 /* Main.storyboard */; };
		293367F51C3EFE3400976960 /* Assets.xcassets in Resources */ = {isa = PBXBuildFile; fileRef = 293367F41C3EFE3400976960 /* Assets.xcassets */; };
		293367F81C3EFE3400976960 /* LaunchScreen.storyboard in Resources */ = {isa = PBXBuildFile; fileRef = 293367F61C3EFE3400976960 /* LaunchScreen.storyboard */; };
		293368001C3F000700976960 /* pokemon.csv in Resources */ = {isa = PBXBuildFile; fileRef = 293367FF1C3F000700976960 /* pokemon.csv */; };
		293368031C3F00FE00976960 /* Pokemon.swift in Sources */ = {isa = PBXBuildFile; fileRef = 293368021C3F00FE00976960 /* Pokemon.swift */; };
		293368071C3F0B9C00976960 /* PokeCell.swift in Sources */ = {isa = PBXBuildFile; fileRef = 293368061C3F0B9C00976960 /* PokeCell.swift */; };
		298F439D1C4041B8005C46D6 /* csvparser.swift in Sources */ = {isa = PBXBuildFile; fileRef = 298F439C1C4041B8005C46D6 /* csvparser.swift */; };
		298F43A01C42E92A005C46D6 /* Pokemon Solid.ttf in Resources */ = {isa = PBXBuildFile; fileRef = 298F439F1C42E92A005C46D6 /* Pokemon Solid.ttf */; };
		298F43A21C42EC45005C46D6 /* music.mp3 in Resources */ = {isa = PBXBuildFile; fileRef = 298F43A11C42EC45005C46D6 /* music.mp3 */; };
		298F43A41C430553005C46D6 /* PokemonDetailVC.swift in Sources */ = {isa = PBXBuildFile; fileRef = 298F43A31C430553005C46D6 /* PokemonDetailVC.swift */; };
		4D3DEFBACD950308949D5BC7 /* Pods_Pokedex.framework in Frameworks */ = {isa = PBXBuildFile; fileRef = 5ED09FBE8160E66A2C8BF143 /* Pods_Pokedex.framework */; settings = {ATTRIBUTES = (Weak, ); }; };
/* End PBXBuildFile section */

/* Begin PBXFileReference section */
		26A78F3FEBF3A29ACC0D00AA /* Pods-Pokedex.release.xcconfig */ = {isa = PBXFileReference; includeInIndex = 1; lastKnownFileType = text.xcconfig; name = "Pods-Pokedex.release.xcconfig"; path = "Pods/Target Support Files/Pods-Pokedex/Pods-Pokedex.release.xcconfig"; sourceTree = "<group>"; };
		293367EA1C3EFE3400976960 /* Pokedex.app */ = {isa = PBXFileReference; explicitFileType = wrapper.application; includeInIndex = 0; path = Pokedex.app; sourceTree = BUILT_PRODUCTS_DIR; };
		293367ED1C3EFE3400976960 /* AppDelegate.swift */ = {isa = PBXFileReference; lastKnownFileType = sourcecode.swift; path = AppDelegate.swift; sourceTree = "<group>"; };
		293367EF1C3EFE3400976960 /* ViewController.swift */ = {isa = PBXFileReference; lastKnownFileType = sourcecode.swift; path = ViewController.swift; sourceTree = "<group>"; };
		293367F21C3EFE3400976960 /* Base */ = {isa = PBXFileReference; lastKnownFileType = file.storyboard; name = Base; path = Base.lproj/Main.storyboard; sourceTree = "<group>"; };
		293367F41C3EFE3400976960 /* Assets.xcassets */ = {isa = PBXFileReference; lastKnownFileType = folder.assetcatalog; path = Assets.xcassets; sourceTree = "<group>"; };
		293367F71C3EFE3400976960 /* Base */ = {isa = PBXFileReference; lastKnownFileType = file.storyboard; name = Base; path = Base.lproj/LaunchScreen.storyboard; sourceTree = "<group>"; };
		293367F91C3EFE3400976960 /* Info.plist */ = {isa = PBXFileReference; lastKnownFileType = text.plist.xml; path = Info.plist; sourceTree = "<group>"; };
		293367FF1C3F000700976960 /* pokemon.csv */ = {isa = PBXFileReference; fileEncoding = 4; lastKnownFileType = text; path = pokemon.csv; sourceTree = "<group>"; };
		293368021C3F00FE00976960 /* Pokemon.swift */ = {isa = PBXFileReference; fileEncoding = 4; lastKnownFileType = sourcecode.swift; path = Pokemon.swift; sourceTree = "<group>"; };
		293368061C3F0B9C00976960 /* PokeCell.swift */ = {isa = PBXFileReference; fileEncoding = 4; lastKnownFileType = sourcecode.swift; path = PokeCell.swift; sourceTree = "<group>"; };
		298F439C1C4041B8005C46D6 /* csvparser.swift */ = {isa = PBXFileReference; fileEncoding = 4; lastKnownFileType = sourcecode.swift; path = csvparser.swift; sourceTree = "<group>"; };
		298F439F1C42E92A005C46D6 /* Pokemon Solid.ttf */ = {isa = PBXFileReference; lastKnownFileType = file; path = "Pokemon Solid.ttf"; sourceTree = "<group>"; };
		298F43A11C42EC45005C46D6 /* music.mp3 */ = {isa = PBXFileReference; lastKnownFileType = audio.mp3; path = music.mp3; sourceTree = "<group>"; };
		298F43A31C430553005C46D6 /* PokemonDetailVC.swift */ = {isa = PBXFileReference; fileEncoding = 4; lastKnownFileType = sourcecode.swift; path = PokemonDetailVC.swift; sourceTree = "<group>"; };
		5CD4E3DB858A2B91517FB512 /* Pods-Pokedex.debug.xcconfig */ = {isa = PBXFileReference; includeInIndex = 1; lastKnownFileType = text.xcconfig; name = "Pods-Pokedex.debug.xcconfig"; path = "Pods/Target Support Files/Pods-Pokedex/Pods-Pokedex.debug.xcconfig"; sourceTree = "<group>"; };
		5ED09FBE8160E66A2C8BF143 /* Pods_Pokedex.framework */ = {isa = PBXFileReference; explicitFileType = wrapper.framework; includeInIndex = 0; path = Pods_Pokedex.framework; sourceTree = BUILT_PRODUCTS_DIR; };
/* End PBXFileReference section */

/* Begin PBXFrameworksBuildPhase section */
		293367E71C3EFE3400976960 /* Frameworks */ = {
			isa = PBXFrameworksBuildPhase;
			buildActionMask = 2147483647;
			files = (
				4D3DEFBACD950308949D5BC7 /* Pods_Pokedex.framework in Frameworks */,
			);
			runOnlyForDeploymentPostprocessing = 0;
		};
/* End PBXFrameworksBuildPhase section */

/* Begin PBXGroup section */
		0F2FC32350C7B84B86F676EE /* Frameworks */ = {
			isa = PBXGroup;
			children = (
				5ED09FBE8160E66A2C8BF143 /* Pods_Pokedex.framework */,
			);
			name = Frameworks;
			sourceTree = "<group>";
		};
		293367E11C3EFE3400976960 = {
			isa = PBXGroup;
			children = (
				293367EC1C3EFE3400976960 /* Pokedex */,
				293367EB1C3EFE3400976960 /* Products */,
				AD1561E7A246B8B02C2B382B /* Pods */,
				0F2FC32350C7B84B86F676EE /* Frameworks */,
			);
			sourceTree = "<group>";
		};
		293367EB1C3EFE3400976960 /* Products */ = {
			isa = PBXGroup;
			children = (
				293367EA1C3EFE3400976960 /* Pokedex.app */,
			);
			name = Products;
			sourceTree = "<group>";
		};
		293367EC1C3EFE3400976960 /* Pokedex */ = {
			isa = PBXGroup;
			children = (
				293368011C3F00EB00976960 /* Model */,
				293368041C3F024400976960 /* View */,
				293368051C3F024A00976960 /* Controller */,
				298F439B1C40419E005C46D6 /* Utilities */,
				298F439E1C404204005C46D6 /* Resources */,
				293367ED1C3EFE3400976960 /* AppDelegate.swift */,
				293367F41C3EFE3400976960 /* Assets.xcassets */,
				293367F61C3EFE3400976960 /* LaunchScreen.storyboard */,
				293367F91C3EFE3400976960 /* Info.plist */,
			);
			path = Pokedex;
			sourceTree = "<group>";
		};
		293368011C3F00EB00976960 /* Model */ = {
			isa = PBXGroup;
			children = (
				293368021C3F00FE00976960 /* Pokemon.swift */,
			);
			name = Model;
			sourceTree = "<group>";
		};
		293368041C3F024400976960 /* View */ = {
			isa = PBXGroup;
			children = (
				293368061C3F0B9C00976960 /* PokeCell.swift */,
				293367F11C3EFE3400976960 /* Main.storyboard */,
			);
			name = View;
			sourceTree = "<group>";
		};
		293368051C3F024A00976960 /* Controller */ = {
			isa = PBXGroup;
			children = (
				293367EF1C3EFE3400976960 /* ViewController.swift */,
				298F43A31C430553005C46D6 /* PokemonDetailVC.swift */,
			);
			name = Controller;
			sourceTree = "<group>";
		};
		298F439B1C40419E005C46D6 /* Utilities */ = {
			isa = PBXGroup;
			children = (
				298F439C1C4041B8005C46D6 /* csvparser.swift */,
			);
			name = Utilities;
			sourceTree = "<group>";
		};
		298F439E1C404204005C46D6 /* Resources */ = {
			isa = PBXGroup;
			children = (
				298F43A11C42EC45005C46D6 /* music.mp3 */,
				293367FF1C3F000700976960 /* pokemon.csv */,
				298F439F1C42E92A005C46D6 /* Pokemon Solid.ttf */,
			);
			name = Resources;
			sourceTree = "<group>";
		};
		AD1561E7A246B8B02C2B382B /* Pods */ = {
			isa = PBXGroup;
			children = (
				5CD4E3DB858A2B91517FB512 /* Pods-Pokedex.debug.xcconfig */,
				26A78F3FEBF3A29ACC0D00AA /* Pods-Pokedex.release.xcconfig */,
			);
			name = Pods;
			sourceTree = "<group>";
		};
/* End PBXGroup section */

/* Begin PBXNativeTarget section */
		293367E91C3EFE3400976960 /* Pokedex */ = {
			isa = PBXNativeTarget;
			buildConfigurationList = 293367FC1C3EFE3400976960 /* Build configuration list for PBXNativeTarget "Pokedex" */;
			buildPhases = (
				46F0ACE6E234F0A5A91AB510 /* Check Pods Manifest.lock */,
				293367E61C3EFE3400976960 /* Sources */,
				293367E71C3EFE3400976960 /* Frameworks */,
				293367E81C3EFE3400976960 /* Resources */,
				B9BA06A8F900F8DDF95A83E9 /* Embed Pods Frameworks */,
				2E76D9CB6351CD67945D3C87 /* Copy Pods Resources */,
			);
			buildRules = (
			);
			dependencies = (
			);
			name = Pokedex;
			productName = Pokedex;
			productReference = 293367EA1C3EFE3400976960 /* Pokedex.app */;
			productType = "com.apple.product-type.application";
		};
/* End PBXNativeTarget section */

/* Begin PBXProject section */
		293367E21C3EFE3400976960 /* Project object */ = {
			isa = PBXProject;
			attributes = {
				LastSwiftUpdateCheck = 0720;
				LastUpgradeCheck = 0720;
				ORGANIZATIONNAME = "Ebony Nyenya";
				TargetAttributes = {
					293367E91C3EFE3400976960 = {
						CreatedOnToolsVersion = 7.2;
					};
				};
			};
			buildConfigurationList = 293367E51C3EFE3400976960 /* Build configuration list for PBXProject "Pokedex" */;
			compatibilityVersion = "Xcode 3.2";
			developmentRegion = English;
			hasScannedForEncodings = 0;
			knownRegions = (
				en,
				Base,
			);
			mainGroup = 293367E11C3EFE3400976960;
			productRefGroup = 293367EB1C3EFE3400976960 /* Products */;
			projectDirPath = "";
			projectRoot = "";
			targets = (
				293367E91C3EFE3400976960 /* Pokedex */,
			);
		};
/* End PBXProject section */

/* Begin PBXResourcesBuildPhase section */
		293367E81C3EFE3400976960 /* Resources */ = {
			isa = PBXResourcesBuildPhase;
			buildActionMask = 2147483647;
			files = (
				298F43A01C42E92A005C46D6 /* Pokemon Solid.ttf in Resources */,
				293367F81C3EFE3400976960 /* LaunchScreen.storyboard in Resources */,
				298F43A21C42EC45005C46D6 /* music.mp3 in Resources */,
				293367F51C3EFE3400976960 /* Assets.xcassets in Resources */,
				293368001C3F000700976960 /* pokemon.csv in Resources */,
				293367F31C3EFE3400976960 /* Main.storyboard in Resources */,
			);
			runOnlyForDeploymentPostprocessing = 0;
		};
/* End PBXResourcesBuildPhase section */

/* Begin PBXShellScriptBuildPhase section */
		2E76D9CB6351CD67945D3C87 /* Copy Pods Resources */ = {
			isa = PBXShellScriptBuildPhase;
			buildActionMask = 2147483647;
			files = (
			);
			inputPaths = (
			);
			name = "Copy Pods Resources";
			outputPaths = (
			);
			runOnlyForDeploymentPostprocessing = 0;
			shellPath = /bin/sh;
			shellScript = "\"${SRCROOT}/Pods/Target Support Files/Pods-Pokedex/Pods-Pokedex-resources.sh\"\n";
			showEnvVarsInLog = 0;
		};
		46F0ACE6E234F0A5A91AB510 /* Check Pods Manifest.lock */ = {
			isa = PBXShellScriptBuildPhase;
			buildActionMask = 2147483647;
			files = (
			);
			inputPaths = (
			);
			name = "Check Pods Manifest.lock";
			outputPaths = (
			);
			runOnlyForDeploymentPostprocessing = 0;
			shellPath = /bin/sh;
			shellScript = "diff \"${PODS_ROOT}/../Podfile.lock\" \"${PODS_ROOT}/Manifest.lock\" > /dev/null\nif [[ $? != 0 ]] ; then\n    cat << EOM\nerror: The sandbox is not in sync with the Podfile.lock. Run 'pod install' or update your CocoaPods installation.\nEOM\n    exit 1\nfi\n";
			showEnvVarsInLog = 0;
		};
		B9BA06A8F900F8DDF95A83E9 /* Embed Pods Frameworks */ = {
			isa = PBXShellScriptBuildPhase;
			buildActionMask = 2147483647;
			files = (
			);
			inputPaths = (
			);
			name = "Embed Pods Frameworks";
			outputPaths = (
			);
			runOnlyForDeploymentPostprocessing = 0;
			shellPath = /bin/sh;
			shellScript = "\"${SRCROOT}/Pods/Target Support Files/Pods-Pokedex/Pods-Pokedex-frameworks.sh\"\n";
			showEnvVarsInLog = 0;
		};
/* End PBXShellScriptBuildPhase section */

/* Begin PBXSourcesBuildPhase section */
		293367E61C3EFE3400976960 /* Sources */ = {
			isa = PBXSourcesBuildPhase;
			buildActionMask = 2147483647;
			files = (
				293368071C3F0B9C00976960 /* PokeCell.swift in Sources */,
				293367F01C3EFE3400976960 /* ViewController.swift in Sources */,
				293367EE1C3EFE3400976960 /* AppDelegate.swift in Sources */,
				298F43A41C430553005C46D6 /* PokemonDetailVC.swift in Sources */,
				298F439D1C4041B8005C46D6 /* csvparser.swift in Sources */,
				293368031C3F00FE00976960 /* Pokemon.swift in Sources */,
			);
			runOnlyForDeploymentPostprocessing = 0;
		};
/* End PBXSourcesBuildPhase section */

/* Begin PBXVariantGroup section */
		293367F11C3EFE3400976960 /* Main.storyboard */ = {
			isa = PBXVariantGroup;
			children = (
				293367F21C3EFE3400976960 /* Base */,
			);
			name = Main.storyboard;
			sourceTree = "<group>";
		};
		293367F61C3EFE3400976960 /* LaunchScreen.storyboard */ = {
			isa = PBXVariantGroup;
			children = (
				293367F71C3EFE3400976960 /* Base */,
			);
			name = LaunchScreen.storyboard;
			sourceTree = "<group>";
		};
/* End PBXVariantGroup section */

/* Begin XCBuildConfiguration section */
		293367FA1C3EFE3400976960 /* Debug */ = {
			isa = XCBuildConfiguration;
			buildSettings = {
				ALWAYS_SEARCH_USER_PATHS = NO;
				CLANG_CXX_LANGUAGE_STANDARD = "gnu++0x";
				CLANG_CXX_LIBRARY = "libc++";
				CLANG_ENABLE_MODULES = YES;
				CLANG_ENABLE_OBJC_ARC = YES;
				CLANG_WARN_BOOL_CONVERSION = YES;
				CLANG_WARN_CONSTANT_CONVERSION = YES;
				CLANG_WARN_DIRECT_OBJC_ISA_USAGE = YES_ERROR;
				CLANG_WARN_EMPTY_BODY = YES;
				CLANG_WARN_ENUM_CONVERSION = YES;
				CLANG_WARN_INT_CONVERSION = YES;
				CLANG_WARN_OBJC_ROOT_CLASS = YES_ERROR;
				CLANG_WARN_UNREACHABLE_CODE = YES;
				CLANG_WARN__DUPLICATE_METHOD_MATCH = YES;
				"CODE_SIGN_IDENTITY[sdk=iphoneos*]" = "iPhone Developer";
				COPY_PHASE_STRIP = NO;
				DEBUG_INFORMATION_FORMAT = dwarf;
				ENABLE_STRICT_OBJC_MSGSEND = YES;
				ENABLE_TESTABILITY = YES;
				GCC_C_LANGUAGE_STANDARD = gnu99;
				GCC_DYNAMIC_NO_PIC = NO;
				GCC_NO_COMMON_BLOCKS = YES;
				GCC_OPTIMIZATION_LEVEL = 0;
				GCC_PREPROCESSOR_DEFINITIONS = (
					"DEBUG=1",
					"$(inherited)",
				);
				GCC_WARN_64_TO_32_BIT_CONVERSION = YES;
				GCC_WARN_ABOUT_RETURN_TYPE = YES_ERROR;
				GCC_WARN_UNDECLARED_SELECTOR = YES;
				GCC_WARN_UNINITIALIZED_AUTOS = YES_AGGRESSIVE;
				GCC_WARN_UNUSED_FUNCTION = YES;
				GCC_WARN_UNUSED_VARIABLE = YES;
				IPHONEOS_DEPLOYMENT_TARGET = 9.2;
				MTL_ENABLE_DEBUG_INFO = YES;
				ONLY_ACTIVE_ARCH = YES;
				SDKROOT = iphoneos;
				SWIFT_OPTIMIZATION_LEVEL = "-Onone";
			};
			name = Debug;
		};
		293367FB1C3EFE3400976960 /* Release */ = {
			isa = XCBuildConfiguration;
			buildSettings = {
				ALWAYS_SEARCH_USER_PATHS = NO;
				CLANG_CXX_LANGUAGE_STANDARD = "gnu++0x";
				CLANG_CXX_LIBRARY = "libc++";
				CLANG_ENABLE_MODULES = YES;
				CLANG_ENABLE_OBJC_ARC = YES;
				CLANG_WARN_BOOL_CONVERSION = YES;
				CLANG_WARN_CONSTANT_CONVERSION = YES;
				CLANG_WARN_DIRECT_OBJC_ISA_USAGE = YES_ERROR;
				CLANG_WARN_EMPTY_BODY = YES;
				CLANG_WARN_ENUM_CONVERSION = YES;
				CLANG_WARN_INT_CONVERSION = YES;
				CLANG_WARN_OBJC_ROOT_CLASS = YES_ERROR;
				CLANG_WARN_UNREACHABLE_CODE = YES;
				CLANG_WARN__DUPLICATE_METHOD_MATCH = YES;
				"CODE_SIGN_IDENTITY[sdk=iphoneos*]" = "iPhone Developer";
				COPY_PHASE_STRIP = NO;
				DEBUG_INFORMATION_FORMAT = "dwarf-with-dsym";
				ENABLE_NS_ASSERTIONS = NO;
				ENABLE_STRICT_OBJC_MSGSEND = YES;
				GCC_C_LANGUAGE_STANDARD = gnu99;
				GCC_NO_COMMON_BLOCKS = YES;
				GCC_WARN_64_TO_32_BIT_CONVERSION = YES;
				GCC_WARN_ABOUT_RETURN_TYPE = YES_ERROR;
				GCC_WARN_UNDECLARED_SELECTOR = YES;
				GCC_WARN_UNINITIALIZED_AUTOS = YES_AGGRESSIVE;
				GCC_WARN_UNUSED_FUNCTION = YES;
				GCC_WARN_UNUSED_VARIABLE = YES;
				IPHONEOS_DEPLOYMENT_TARGET = 9.2;
				MTL_ENABLE_DEBUG_INFO = NO;
				SDKROOT = iphoneos;
				VALIDATE_PRODUCT = YES;
			};
			name = Release;
		};
		293367FD1C3EFE3400976960 /* Debug */ = {
			isa = XCBuildConfiguration;
			baseConfigurationReference = 5CD4E3DB858A2B91517FB512 /* Pods-Pokedex.debug.xcconfig */;
			buildSettings = {
				ASSETCATALOG_COMPILER_APPICON_NAME = AppIcon;
				INFOPLIST_FILE = Pokedex/Info.plist;
				LD_RUNPATH_SEARCH_PATHS = "$(inherited) @executable_path/Frameworks";
				PRODUCT_BUNDLE_IDENTIFIER = com.esn.Pokedex;
				PRODUCT_NAME = "$(TARGET_NAME)";
			};
			name = Debug;
		};
		293367FE1C3EFE3400976960 /* Release */ = {
			isa = XCBuildConfiguration;
			baseConfigurationReference = 26A78F3FEBF3A29ACC0D00AA /* Pods-Pokedex.release.xcconfig */;
			buildSettings = {
				ASSETCATALOG_COMPILER_APPICON_NAME = AppIcon;
				INFOPLIST_FILE = Pokedex/Info.plist;
				LD_RUNPATH_SEARCH_PATHS = "$(inherited) @executable_path/Frameworks";
				PRODUCT_BUNDLE_IDENTIFIER = com.esn.Pokedex;
				PRODUCT_NAME = "$(TARGET_NAME)";
			};
			name = Release;
		};
/* End XCBuildConfiguration section */

/* Begin XCConfigurationList section */
		293367E51C3EFE3400976960 /* Build configuration list for PBXProject "Pokedex" */ = {
			isa = XCConfigurationList;
			buildConfigurations = (
				293367FA1C3EFE3400976960 /* Debug */,
				293367FB1C3EFE3400976960 /* Release */,
			);
			defaultConfigurationIsVisible = 0;
			defaultConfigurationName = Release;
		};
		293367FC1C3EFE3400976960 /* Build configuration list for PBXNativeTarget "Pokedex" */ = {
			isa = XCConfigurationList;
			buildConfigurations = (
				293367FD1C3EFE3400976960 /* Debug */,
				293367FE1C3EFE3400976960 /* Release */,
			);
			defaultConfigurationIsVisible = 0;
			defaultConfigurationName = Release;
		};
/* End XCConfigurationList section */
	};
	rootObject = 293367E21C3EFE3400976960 /* Project object */;
}
